// !$*UTF8*$!
{
	archiveVersion = 1;
	classes = {
	};
	objectVersion = 50;
	objects = {

/* Begin PBXBuildFile section */
		FF815B0B223C2462006FDF8F /* Endpoint.swift in Sources */ = {isa = PBXBuildFile; fileRef = FF815B0A223C2462006FDF8F /* Endpoint.swift */; };
		FF815B0D223C2499006FDF8F /* HTTPMethod.swift in Sources */ = {isa = PBXBuildFile; fileRef = FF815B0C223C2499006FDF8F /* HTTPMethod.swift */; };
		FF815B0F223C24C0006FDF8F /* Environment.swift in Sources */ = {isa = PBXBuildFile; fileRef = FF815B0E223C24C0006FDF8F /* Environment.swift */; };
		FF815B11223C25C5006FDF8F /* Service.swift in Sources */ = {isa = PBXBuildFile; fileRef = FF815B10223C25C5006FDF8F /* Service.swift */; };
		FF815B13223C289A006FDF8F /* ParameterEncoding.swift in Sources */ = {isa = PBXBuildFile; fileRef = FF815B12223C289A006FDF8F /* ParameterEncoding.swift */; };
		FF815B15223C4E46006FDF8F /* Result.swift in Sources */ = {isa = PBXBuildFile; fileRef = FF815B14223C4E46006FDF8F /* Result.swift */; };
		FF815B17223C4FEF006FDF8F /* AnyError.swift in Sources */ = {isa = PBXBuildFile; fileRef = FF815B16223C4FEF006FDF8F /* AnyError.swift */; };
		FF815B19223C532B006FDF8F /* NetworkingProvider.swift in Sources */ = {isa = PBXBuildFile; fileRef = FF815B18223C532B006FDF8F /* NetworkingProvider.swift */; };
		FF815B1B223C548C006FDF8F /* Response.swift in Sources */ = {isa = PBXBuildFile; fileRef = FF815B1A223C548C006FDF8F /* Response.swift */; };
		FF815B1D223C54AF006FDF8F /* Mappable.swift in Sources */ = {isa = PBXBuildFile; fileRef = FF815B1C223C54AF006FDF8F /* Mappable.swift */; };
		FF815B1F223C5511006FDF8F /* NetworkingError.swift in Sources */ = {isa = PBXBuildFile; fileRef = FF815B1E223C5511006FDF8F /* NetworkingError.swift */; };
		FF815B21223C55C7006FDF8F /* JsonMappingError.swift in Sources */ = {isa = PBXBuildFile; fileRef = FF815B20223C55C6006FDF8F /* JsonMappingError.swift */; };
		FFA56DD222339C9F007D385D /* AppDelegate.swift in Sources */ = {isa = PBXBuildFile; fileRef = FFA56DD122339C9F007D385D /* AppDelegate.swift */; };
		FFA56DD622339CA1007D385D /* Assets.xcassets in Resources */ = {isa = PBXBuildFile; fileRef = FFA56DD522339CA1007D385D /* Assets.xcassets */; };
		FFA56DD922339CA1007D385D /* Main.storyboard in Resources */ = {isa = PBXBuildFile; fileRef = FFA56DD722339CA1007D385D /* Main.storyboard */; };
		FFA56DE522339CA2007D385D /* MVGBarTests.swift in Sources */ = {isa = PBXBuildFile; fileRef = FFA56DE422339CA2007D385D /* MVGBarTests.swift */; };
		FFA56DF02233A15A007D385D /* Icons.swift in Sources */ = {isa = PBXBuildFile; fileRef = FFA56DEF2233A15A007D385D /* Icons.swift */; };
		FFA56DF22233A222007D385D /* StatusMenuController.swift in Sources */ = {isa = PBXBuildFile; fileRef = FFA56DF12233A222007D385D /* StatusMenuController.swift */; };
		FFA56DF62233A536007D385D /* DepartureView.swift in Sources */ = {isa = PBXBuildFile; fileRef = FFA56DF52233A536007D385D /* DepartureView.swift */; };
/* End PBXBuildFile section */

/* Begin PBXContainerItemProxy section */
		FFA56DE122339CA2007D385D /* PBXContainerItemProxy */ = {
			isa = PBXContainerItemProxy;
			containerPortal = FFA56DC622339C9E007D385D /* Project object */;
			proxyType = 1;
			remoteGlobalIDString = FFA56DCD22339C9E007D385D;
			remoteInfo = MVGBar;
		};
/* End PBXContainerItemProxy section */

/* Begin PBXFileReference section */
		FF815B0A223C2462006FDF8F /* Endpoint.swift */ = {isa = PBXFileReference; lastKnownFileType = sourcecode.swift; path = Endpoint.swift; sourceTree = "<group>"; };
		FF815B0C223C2499006FDF8F /* HTTPMethod.swift */ = {isa = PBXFileReference; lastKnownFileType = sourcecode.swift; path = HTTPMethod.swift; sourceTree = "<group>"; };
		FF815B0E223C24C0006FDF8F /* Environment.swift */ = {isa = PBXFileReference; lastKnownFileType = sourcecode.swift; path = Environment.swift; sourceTree = "<group>"; };
		FF815B10223C25C5006FDF8F /* Service.swift */ = {isa = PBXFileReference; lastKnownFileType = sourcecode.swift; path = Service.swift; sourceTree = "<group>"; };
		FF815B12223C289A006FDF8F /* ParameterEncoding.swift */ = {isa = PBXFileReference; lastKnownFileType = sourcecode.swift; path = ParameterEncoding.swift; sourceTree = "<group>"; };
		FF815B14223C4E46006FDF8F /* Result.swift */ = {isa = PBXFileReference; lastKnownFileType = sourcecode.swift; path = Result.swift; sourceTree = "<group>"; };
		FF815B16223C4FEF006FDF8F /* AnyError.swift */ = {isa = PBXFileReference; lastKnownFileType = sourcecode.swift; path = AnyError.swift; sourceTree = "<group>"; };
		FF815B18223C532B006FDF8F /* NetworkingProvider.swift */ = {isa = PBXFileReference; lastKnownFileType = sourcecode.swift; path = NetworkingProvider.swift; sourceTree = "<group>"; };
		FF815B1A223C548C006FDF8F /* Response.swift */ = {isa = PBXFileReference; lastKnownFileType = sourcecode.swift; path = Response.swift; sourceTree = "<group>"; };
		FF815B1C223C54AF006FDF8F /* Mappable.swift */ = {isa = PBXFileReference; lastKnownFileType = sourcecode.swift; path = Mappable.swift; sourceTree = "<group>"; };
		FF815B1E223C5511006FDF8F /* NetworkingError.swift */ = {isa = PBXFileReference; lastKnownFileType = sourcecode.swift; path = NetworkingError.swift; sourceTree = "<group>"; };
		FF815B20223C55C6006FDF8F /* JsonMappingError.swift */ = {isa = PBXFileReference; lastKnownFileType = sourcecode.swift; path = JsonMappingError.swift; sourceTree = "<group>"; };
		FFA56DCE22339C9F007D385D /* MVGBar.app */ = {isa = PBXFileReference; explicitFileType = wrapper.application; includeInIndex = 0; path = MVGBar.app; sourceTree = BUILT_PRODUCTS_DIR; };
		FFA56DD122339C9F007D385D /* AppDelegate.swift */ = {isa = PBXFileReference; lastKnownFileType = sourcecode.swift; path = AppDelegate.swift; sourceTree = "<group>"; };
		FFA56DD522339CA1007D385D /* Assets.xcassets */ = {isa = PBXFileReference; lastKnownFileType = folder.assetcatalog; path = Assets.xcassets; sourceTree = "<group>"; };
		FFA56DD822339CA1007D385D /* Base */ = {isa = PBXFileReference; lastKnownFileType = file.storyboard; name = Base; path = Base.lproj/Main.storyboard; sourceTree = "<group>"; };
		FFA56DDA22339CA1007D385D /* Info.plist */ = {isa = PBXFileReference; lastKnownFileType = text.plist.xml; path = Info.plist; sourceTree = "<group>"; };
		FFA56DDB22339CA1007D385D /* MVGBar.entitlements */ = {isa = PBXFileReference; lastKnownFileType = text.plist.entitlements; path = MVGBar.entitlements; sourceTree = "<group>"; };
		FFA56DE022339CA2007D385D /* MVGBarTests.xctest */ = {isa = PBXFileReference; explicitFileType = wrapper.cfbundle; includeInIndex = 0; path = MVGBarTests.xctest; sourceTree = BUILT_PRODUCTS_DIR; };
		FFA56DE422339CA2007D385D /* MVGBarTests.swift */ = {isa = PBXFileReference; lastKnownFileType = sourcecode.swift; path = MVGBarTests.swift; sourceTree = "<group>"; };
		FFA56DE622339CA2007D385D /* Info.plist */ = {isa = PBXFileReference; lastKnownFileType = text.plist.xml; path = Info.plist; sourceTree = "<group>"; };
		FFA56DEF2233A15A007D385D /* Icons.swift */ = {isa = PBXFileReference; lastKnownFileType = sourcecode.swift; path = Icons.swift; sourceTree = "<group>"; };
		FFA56DF12233A222007D385D /* StatusMenuController.swift */ = {isa = PBXFileReference; lastKnownFileType = sourcecode.swift; path = StatusMenuController.swift; sourceTree = "<group>"; };
		FFA56DF52233A536007D385D /* DepartureView.swift */ = {isa = PBXFileReference; lastKnownFileType = sourcecode.swift; path = DepartureView.swift; sourceTree = "<group>"; };
/* End PBXFileReference section */

/* Begin PBXFrameworksBuildPhase section */
		FFA56DCB22339C9E007D385D /* Frameworks */ = {
			isa = PBXFrameworksBuildPhase;
			buildActionMask = 2147483647;
			files = (
			);
			runOnlyForDeploymentPostprocessing = 0;
		};
		FFA56DDD22339CA2007D385D /* Frameworks */ = {
			isa = PBXFrameworksBuildPhase;
			buildActionMask = 2147483647;
			files = (
			);
			runOnlyForDeploymentPostprocessing = 0;
		};
/* End PBXFrameworksBuildPhase section */

/* Begin PBXGroup section */
		FF815B09223C2440006FDF8F /* Networking */ = {
			isa = PBXGroup;
			children = (
				FF815B0A223C2462006FDF8F /* Endpoint.swift */,
				FF815B12223C289A006FDF8F /* ParameterEncoding.swift */,
				FF815B10223C25C5006FDF8F /* Service.swift */,
				FF815B16223C4FEF006FDF8F /* AnyError.swift */,
				FF815B18223C532B006FDF8F /* NetworkingProvider.swift */,
				FF815B1A223C548C006FDF8F /* Response.swift */,
				FF815B1C223C54AF006FDF8F /* Mappable.swift */,
				FF815B1E223C5511006FDF8F /* NetworkingError.swift */,
				FF815B20223C55C6006FDF8F /* JsonMappingError.swift */,
				FF815B14223C4E46006FDF8F /* Result.swift */,
				FF815B0C223C2499006FDF8F /* HTTPMethod.swift */,
			);
			path = Networking;
			sourceTree = "<group>";
		};
		FFA56DC522339C9E007D385D = {
			isa = PBXGroup;
			children = (
				FFA56DD022339C9F007D385D /* MVGBar */,
				FFA56DE322339CA2007D385D /* MVGBarTests */,
				FFA56DCF22339C9F007D385D /* Products */,
			);
			sourceTree = "<group>";
		};
		FFA56DCF22339C9F007D385D /* Products */ = {
			isa = PBXGroup;
			children = (
				FFA56DCE22339C9F007D385D /* MVGBar.app */,
				FFA56DE022339CA2007D385D /* MVGBarTests.xctest */,
			);
			name = Products;
			sourceTree = "<group>";
		};
		FFA56DD022339C9F007D385D /* MVGBar */ = {
			isa = PBXGroup;
			children = (
				FF815B09223C2440006FDF8F /* Networking */,
				FFA56DD122339C9F007D385D /* AppDelegate.swift */,
				FFA56DF12233A222007D385D /* StatusMenuController.swift */,
				FFA56DF52233A536007D385D /* DepartureView.swift */,
				FFA56DD522339CA1007D385D /* Assets.xcassets */,
				FFA56DD722339CA1007D385D /* Main.storyboard */,
				FFA56DDA22339CA1007D385D /* Info.plist */,
				FFA56DDB22339CA1007D385D /* MVGBar.entitlements */,
				FFA56DEF2233A15A007D385D /* Icons.swift */,
				FF815B0E223C24C0006FDF8F /* Environment.swift */,
			);
			path = MVGBar;
			sourceTree = "<group>";
		};
		FFA56DE322339CA2007D385D /* MVGBarTests */ = {
			isa = PBXGroup;
			children = (
				FFA56DE422339CA2007D385D /* MVGBarTests.swift */,
				FFA56DE622339CA2007D385D /* Info.plist */,
			);
			path = MVGBarTests;
			sourceTree = "<group>";
		};
/* End PBXGroup section */

/* Begin PBXNativeTarget section */
		FFA56DCD22339C9E007D385D /* MVGBar */ = {
			isa = PBXNativeTarget;
			buildConfigurationList = FFA56DE922339CA2007D385D /* Build configuration list for PBXNativeTarget "MVGBar" */;
			buildPhases = (
				FFA56DCA22339C9E007D385D /* Sources */,
				FFA56DCB22339C9E007D385D /* Frameworks */,
				FFA56DCC22339C9E007D385D /* Resources */,
			);
			buildRules = (
			);
			dependencies = (
			);
			name = MVGBar;
			productName = MVGBar;
			productReference = FFA56DCE22339C9F007D385D /* MVGBar.app */;
			productType = "com.apple.product-type.application";
		};
		FFA56DDF22339CA2007D385D /* MVGBarTests */ = {
			isa = PBXNativeTarget;
			buildConfigurationList = FFA56DEC22339CA2007D385D /* Build configuration list for PBXNativeTarget "MVGBarTests" */;
			buildPhases = (
				FFA56DDC22339CA2007D385D /* Sources */,
				FFA56DDD22339CA2007D385D /* Frameworks */,
				FFA56DDE22339CA2007D385D /* Resources */,
			);
			buildRules = (
			);
			dependencies = (
				FFA56DE222339CA2007D385D /* PBXTargetDependency */,
			);
			name = MVGBarTests;
			productName = MVGBarTests;
			productReference = FFA56DE022339CA2007D385D /* MVGBarTests.xctest */;
			productType = "com.apple.product-type.bundle.unit-test";
		};
/* End PBXNativeTarget section */

/* Begin PBXProject section */
		FFA56DC622339C9E007D385D /* Project object */ = {
			isa = PBXProject;
			attributes = {
				LastSwiftUpdateCheck = 0940;
				LastUpgradeCheck = 0940;
				ORGANIZATIONNAME = "Ivan Sapozhnik";
				TargetAttributes = {
					FFA56DCD22339C9E007D385D = {
						CreatedOnToolsVersion = 9.4.1;
					};
					FFA56DDF22339CA2007D385D = {
						CreatedOnToolsVersion = 9.4.1;
						TestTargetID = FFA56DCD22339C9E007D385D;
					};
				};
			};
			buildConfigurationList = FFA56DC922339C9E007D385D /* Build configuration list for PBXProject "MVGBar" */;
			compatibilityVersion = "Xcode 9.3";
			developmentRegion = en;
			hasScannedForEncodings = 0;
			knownRegions = (
				en,
				Base,
			);
			mainGroup = FFA56DC522339C9E007D385D;
			productRefGroup = FFA56DCF22339C9F007D385D /* Products */;
			projectDirPath = "";
			projectRoot = "";
			targets = (
				FFA56DCD22339C9E007D385D /* MVGBar */,
				FFA56DDF22339CA2007D385D /* MVGBarTests */,
			);
		};
/* End PBXProject section */

/* Begin PBXResourcesBuildPhase section */
		FFA56DCC22339C9E007D385D /* Resources */ = {
			isa = PBXResourcesBuildPhase;
			buildActionMask = 2147483647;
			files = (
				FFA56DD622339CA1007D385D /* Assets.xcassets in Resources */,
				FFA56DD922339CA1007D385D /* Main.storyboard in Resources */,
			);
			runOnlyForDeploymentPostprocessing = 0;
		};
		FFA56DDE22339CA2007D385D /* Resources */ = {
			isa = PBXResourcesBuildPhase;
			buildActionMask = 2147483647;
			files = (
			);
			runOnlyForDeploymentPostprocessing = 0;
		};
/* End PBXResourcesBuildPhase section */

/* Begin PBXSourcesBuildPhase section */
		FFA56DCA22339C9E007D385D /* Sources */ = {
			isa = PBXSourcesBuildPhase;
			buildActionMask = 2147483647;
			files = (
				FF815B17223C4FEF006FDF8F /* AnyError.swift in Sources */,
				FF815B21223C55C7006FDF8F /* JsonMappingError.swift in Sources */,
				FF815B1D223C54AF006FDF8F /* Mappable.swift in Sources */,
				FFA56DD222339C9F007D385D /* AppDelegate.swift in Sources */,
				FF815B19223C532B006FDF8F /* NetworkingProvider.swift in Sources */,
				FF815B1F223C5511006FDF8F /* NetworkingError.swift in Sources */,
				FF815B11223C25C5006FDF8F /* Service.swift in Sources */,
				FFA56DF62233A536007D385D /* DepartureView.swift in Sources */,
				FF815B13223C289A006FDF8F /* ParameterEncoding.swift in Sources */,
				FF815B1B223C548C006FDF8F /* Response.swift in Sources */,
				FF815B0D223C2499006FDF8F /* HTTPMethod.swift in Sources */,
				FF815B0F223C24C0006FDF8F /* Environment.swift in Sources */,
				FF815B15223C4E46006FDF8F /* Result.swift in Sources */,
				FFA56DF22233A222007D385D /* StatusMenuController.swift in Sources */,
				FFA56DF02233A15A007D385D /* Icons.swift in Sources */,
				FF815B0B223C2462006FDF8F /* Endpoint.swift in Sources */,
			);
			runOnlyForDeploymentPostprocessing = 0;
		};
		FFA56DDC22339CA2007D385D /* Sources */ = {
			isa = PBXSourcesBuildPhase;
			buildActionMask = 2147483647;
			files = (
				FFA56DE522339CA2007D385D /* MVGBarTests.swift in Sources */,
			);
			runOnlyForDeploymentPostprocessing = 0;
		};
/* End PBXSourcesBuildPhase section */

/* Begin PBXTargetDependency section */
		FFA56DE222339CA2007D385D /* PBXTargetDependency */ = {
			isa = PBXTargetDependency;
			target = FFA56DCD22339C9E007D385D /* MVGBar */;
			targetProxy = FFA56DE122339CA2007D385D /* PBXContainerItemProxy */;
		};
/* End PBXTargetDependency section */

/* Begin PBXVariantGroup section */
		FFA56DD722339CA1007D385D /* Main.storyboard */ = {
			isa = PBXVariantGroup;
			children = (
				FFA56DD822339CA1007D385D /* Base */,
			);
			name = Main.storyboard;
			sourceTree = "<group>";
		};
/* End PBXVariantGroup section */

/* Begin XCBuildConfiguration section */
		FFA56DE722339CA2007D385D /* Debug */ = {
			isa = XCBuildConfiguration;
			buildSettings = {
				ALWAYS_SEARCH_USER_PATHS = NO;
				CLANG_ANALYZER_NONNULL = YES;
				CLANG_ANALYZER_NUMBER_OBJECT_CONVERSION = YES_AGGRESSIVE;
				CLANG_CXX_LANGUAGE_STANDARD = "gnu++14";
				CLANG_CXX_LIBRARY = "libc++";
				CLANG_ENABLE_MODULES = YES;
				CLANG_ENABLE_OBJC_ARC = YES;
				CLANG_ENABLE_OBJC_WEAK = YES;
				CLANG_WARN_BLOCK_CAPTURE_AUTORELEASING = YES;
				CLANG_WARN_BOOL_CONVERSION = YES;
				CLANG_WARN_COMMA = YES;
				CLANG_WARN_CONSTANT_CONVERSION = YES;
				CLANG_WARN_DEPRECATED_OBJC_IMPLEMENTATIONS = YES;
				CLANG_WARN_DIRECT_OBJC_ISA_USAGE = YES_ERROR;
				CLANG_WARN_DOCUMENTATION_COMMENTS = YES;
				CLANG_WARN_EMPTY_BODY = YES;
				CLANG_WARN_ENUM_CONVERSION = YES;
				CLANG_WARN_INFINITE_RECURSION = YES;
				CLANG_WARN_INT_CONVERSION = YES;
				CLANG_WARN_NON_LITERAL_NULL_CONVERSION = YES;
				CLANG_WARN_OBJC_IMPLICIT_RETAIN_SELF = YES;
				CLANG_WARN_OBJC_LITERAL_CONVERSION = YES;
				CLANG_WARN_OBJC_ROOT_CLASS = YES_ERROR;
				CLANG_WARN_RANGE_LOOP_ANALYSIS = YES;
				CLANG_WARN_STRICT_PROTOTYPES = YES;
				CLANG_WARN_SUSPICIOUS_MOVE = YES;
				CLANG_WARN_UNGUARDED_AVAILABILITY = YES_AGGRESSIVE;
				CLANG_WARN_UNREACHABLE_CODE = YES;
				CLANG_WARN__DUPLICATE_METHOD_MATCH = YES;
				CODE_SIGN_IDENTITY = "Mac Developer";
				COPY_PHASE_STRIP = NO;
				DEBUG_INFORMATION_FORMAT = dwarf;
				ENABLE_STRICT_OBJC_MSGSEND = YES;
				ENABLE_TESTABILITY = YES;
				GCC_C_LANGUAGE_STANDARD = gnu11;
				GCC_DYNAMIC_NO_PIC = NO;
				GCC_NO_COMMON_BLOCKS = YES;
				GCC_OPTIMIZATION_LEVEL = 0;
				GCC_PREPROCESSOR_DEFINITIONS = (
					"DEBUG=1",
					"$(inherited)",
				);
				GCC_WARN_64_TO_32_BIT_CONVERSION = YES;
				GCC_WARN_ABOUT_RETURN_TYPE = YES_ERROR;
				GCC_WARN_UNDECLARED_SELECTOR = YES;
				GCC_WARN_UNINITIALIZED_AUTOS = YES_AGGRESSIVE;
				GCC_WARN_UNUSED_FUNCTION = YES;
				GCC_WARN_UNUSED_VARIABLE = YES;
				MACOSX_DEPLOYMENT_TARGET = 10.13;
				MTL_ENABLE_DEBUG_INFO = YES;
				ONLY_ACTIVE_ARCH = YES;
				SDKROOT = macosx;
				SWIFT_ACTIVE_COMPILATION_CONDITIONS = DEBUG;
				SWIFT_OPTIMIZATION_LEVEL = "-Onone";
			};
			name = Debug;
		};
		FFA56DE822339CA2007D385D /* Release */ = {
			isa = XCBuildConfiguration;
			buildSettings = {
				ALWAYS_SEARCH_USER_PATHS = NO;
				CLANG_ANALYZER_NONNULL = YES;
				CLANG_ANALYZER_NUMBER_OBJECT_CONVERSION = YES_AGGRESSIVE;
				CLANG_CXX_LANGUAGE_STANDARD = "gnu++14";
				CLANG_CXX_LIBRARY = "libc++";
				CLANG_ENABLE_MODULES = YES;
				CLANG_ENABLE_OBJC_ARC = YES;
				CLANG_ENABLE_OBJC_WEAK = YES;
				CLANG_WARN_BLOCK_CAPTURE_AUTORELEASING = YES;
				CLANG_WARN_BOOL_CONVERSION = YES;
				CLANG_WARN_COMMA = YES;
				CLANG_WARN_CONSTANT_CONVERSION = YES;
				CLANG_WARN_DEPRECATED_OBJC_IMPLEMENTATIONS = YES;
				CLANG_WARN_DIRECT_OBJC_ISA_USAGE = YES_ERROR;
				CLANG_WARN_DOCUMENTATION_COMMENTS = YES;
				CLANG_WARN_EMPTY_BODY = YES;
				CLANG_WARN_ENUM_CONVERSION = YES;
				CLANG_WARN_INFINITE_RECURSION = YES;
				CLANG_WARN_INT_CONVERSION = YES;
				CLANG_WARN_NON_LITERAL_NULL_CONVERSION = YES;
				CLANG_WARN_OBJC_IMPLICIT_RETAIN_SELF = YES;
				CLANG_WARN_OBJC_LITERAL_CONVERSION = YES;
				CLANG_WARN_OBJC_ROOT_CLASS = YES_ERROR;
				CLANG_WARN_RANGE_LOOP_ANALYSIS = YES;
				CLANG_WARN_STRICT_PROTOTYPES = YES;
				CLANG_WARN_SUSPICIOUS_MOVE = YES;
				CLANG_WARN_UNGUARDED_AVAILABILITY = YES_AGGRESSIVE;
				CLANG_WARN_UNREACHABLE_CODE = YES;
				CLANG_WARN__DUPLICATE_METHOD_MATCH = YES;
				CODE_SIGN_IDENTITY = "Mac Developer";
				COPY_PHASE_STRIP = NO;
				DEBUG_INFORMATION_FORMAT = "dwarf-with-dsym";
				ENABLE_NS_ASSERTIONS = NO;
				ENABLE_STRICT_OBJC_MSGSEND = YES;
				GCC_C_LANGUAGE_STANDARD = gnu11;
				GCC_NO_COMMON_BLOCKS = YES;
				GCC_WARN_64_TO_32_BIT_CONVERSION = YES;
				GCC_WARN_ABOUT_RETURN_TYPE = YES_ERROR;
				GCC_WARN_UNDECLARED_SELECTOR = YES;
				GCC_WARN_UNINITIALIZED_AUTOS = YES_AGGRESSIVE;
				GCC_WARN_UNUSED_FUNCTION = YES;
				GCC_WARN_UNUSED_VARIABLE = YES;
				MACOSX_DEPLOYMENT_TARGET = 10.13;
				MTL_ENABLE_DEBUG_INFO = NO;
				SDKROOT = macosx;
				SWIFT_COMPILATION_MODE = wholemodule;
				SWIFT_OPTIMIZATION_LEVEL = "-O";
			};
			name = Release;
		};
		FFA56DEA22339CA2007D385D /* Debug */ = {
			isa = XCBuildConfiguration;
			buildSettings = {
				ASSETCATALOG_COMPILER_APPICON_NAME = AppIcon;
				CODE_SIGN_ENTITLEMENTS = MVGBar/MVGBar.entitlements;
				CODE_SIGN_STYLE = Automatic;
				COMBINE_HIDPI_IMAGES = YES;
				DEVELOPMENT_TEAM = 54HW5825ZV;
				INFOPLIST_FILE = MVGBar/Info.plist;
				LD_RUNPATH_SEARCH_PATHS = (
					"$(inherited)",
					"@executable_path/../Frameworks",
				);
				PRODUCT_BUNDLE_IDENTIFIER = com.hevylightapps.MVGBar;
				PRODUCT_NAME = "$(TARGET_NAME)";
				SWIFT_VERSION = 4.0;
			};
			name = Debug;
		};
		FFA56DEB22339CA2007D385D /* Release */ = {
			isa = XCBuildConfiguration;
			buildSettings = {
				ASSETCATALOG_COMPILER_APPICON_NAME = AppIcon;
				CODE_SIGN_ENTITLEMENTS = MVGBar/MVGBar.entitlements;
				CODE_SIGN_STYLE = Automatic;
				COMBINE_HIDPI_IMAGES = YES;
				DEVELOPMENT_TEAM = 54HW5825ZV;
				INFOPLIST_FILE = MVGBar/Info.plist;
				LD_RUNPATH_SEARCH_PATHS = (
					"$(inherited)",
					"@executable_path/../Frameworks",
				);
				PRODUCT_BUNDLE_IDENTIFIER = com.hevylightapps.MVGBar;
				PRODUCT_NAME = "$(TARGET_NAME)";
				SWIFT_VERSION = 4.0;
			};
			name = Release;
		};
		FFA56DED22339CA2007D385D /* Debug */ = {
			isa = XCBuildConfiguration;
			buildSettings = {
				ALWAYS_EMBED_SWIFT_STANDARD_LIBRARIES = YES;
				BUNDLE_LOADER = "$(TEST_HOST)";
				CODE_SIGN_STYLE = Automatic;
				COMBINE_HIDPI_IMAGES = YES;
				DEVELOPMENT_TEAM = 54HW5825ZV;
				INFOPLIST_FILE = MVGBarTests/Info.plist;
				LD_RUNPATH_SEARCH_PATHS = (
					"$(inherited)",
					"@executable_path/../Frameworks",
					"@loader_path/../Frameworks",
				);
				PRODUCT_BUNDLE_IDENTIFIER = com.hevylightapps.MVGBarTests;
				PRODUCT_NAME = "$(TARGET_NAME)";
				SWIFT_VERSION = 4.0;
				TEST_HOST = "$(BUILT_PRODUCTS_DIR)/MVGBar.app/Contents/MacOS/MVGBar";
			};
			name = Debug;
		};
		FFA56DEE22339CA2007D385D /* Release */ = {
			isa = XCBuildConfiguration;
			buildSettings = {
				ALWAYS_EMBED_SWIFT_STANDARD_LIBRARIES = YES;
				BUNDLE_LOADER = "$(TEST_HOST)";
				CODE_SIGN_STYLE = Automatic;
				COMBINE_HIDPI_IMAGES = YES;
				DEVELOPMENT_TEAM = 54HW5825ZV;
				INFOPLIST_FILE = MVGBarTests/Info.plist;
				LD_RUNPATH_SEARCH_PATHS = (
					"$(inherited)",
					"@executable_path/../Frameworks",
					"@loader_path/../Frameworks",
				);
				PRODUCT_BUNDLE_IDENTIFIER = com.hevylightapps.MVGBarTests;
				PRODUCT_NAME = "$(TARGET_NAME)";
				SWIFT_VERSION = 4.0;
				TEST_HOST = "$(BUILT_PRODUCTS_DIR)/MVGBar.app/Contents/MacOS/MVGBar";
			};
			name = Release;
		};
/* End XCBuildConfiguration section */

/* Begin XCConfigurationList section */
		FFA56DC922339C9E007D385D /* Build configuration list for PBXProject "MVGBar" */ = {
			isa = XCConfigurationList;
			buildConfigurations = (
				FFA56DE722339CA2007D385D /* Debug */,
				FFA56DE822339CA2007D385D /* Release */,
			);
			defaultConfigurationIsVisible = 0;
			defaultConfigurationName = Release;
		};
		FFA56DE922339CA2007D385D /* Build configuration list for PBXNativeTarget "MVGBar" */ = {
			isa = XCConfigurationList;
			buildConfigurations = (
				FFA56DEA22339CA2007D385D /* Debug */,
				FFA56DEB22339CA2007D385D /* Release */,
			);
			defaultConfigurationIsVisible = 0;
			defaultConfigurationName = Release;
		};
		FFA56DEC22339CA2007D385D /* Build configuration list for PBXNativeTarget "MVGBarTests" */ = {
			isa = XCConfigurationList;
			buildConfigurations = (
				FFA56DED22339CA2007D385D /* Debug */,
				FFA56DEE22339CA2007D385D /* Release */,
			);
			defaultConfigurationIsVisible = 0;
			defaultConfigurationName = Release;
		};
/* End XCConfigurationList section */
	};
	rootObject = FFA56DC622339C9E007D385D /* Project object */;
}
